
Microsoft Visual Studio Solution File, Format Version 12.00
# Visual Studio Version 17
VisualStudioVersion = 17.2.32616.157
MinimumVisualStudioVersion = 10.0.40219.1
Project("{FAE04EC0-301F-11D3-BF4B-00C04F79EFBC}") = "OnlineFraudDetection", "OnlineFraudDetection\OnlineFraudDetection.csproj", "{5160AEBD-C6FF-4B0D-8143-B064339D6B91}"
EndProject
Project("{FAE04EC0-301F-11D3-BF4B-00C04F79EFBC}") = "EFDataAccessLibrary", "EFDataAccessLibrary\EFDataAccessLibrary.csproj", "{F0648502-C557-42E4-AC8B-CA652B0A6284}"
EndProject
Global
	GlobalSection(SolutionConfigurationPlatforms) = preSolution
		Debug|Any CPU = Debug|Any CPU
		Release|Any CPU = Release|Any CPU
	EndGlobalSection
	GlobalSection(ProjectConfigurationPlatforms) = postSolution
		{5160AEBD-C6FF-4B0D-8143-B064339D6B91}.Debug|Any CPU.ActiveCfg = Debug|Any CPU
		{5160AEBD-C6FF-4B0D-8143-B064339D6B91}.Debug|Any CPU.Build.0 = Debug|Any CPU
		{5160AEBD-C6FF-4B0D-8143-B064339D6B91}.Release|Any CPU.ActiveCfg = Release|Any CPU
		{5160AEBD-C6FF-4B0D-8143-B064339D6B91}.Release|Any CPU.Build.0 = Release|Any CPU
		{F0648502-C557-42E4-AC8B-CA652B0A6284}.Debug|Any CPU.ActiveCfg = Debug|Any CPU
		{F0648502-C557-42E4-AC8B-CA652B0A6284}.Debug|Any CPU.Build.0 = Debug|Any CPU
		{F0648502-C557-42E4-AC8B-CA652B0A6284}.Release|Any CPU.ActiveCfg = Release|Any CPU
		{F0648502-C557-42E4-AC8B-CA652B0A6284}.Release|Any CPU.Build.0 = Release|Any CPU
	EndGlobalSection
	GlobalSection(SolutionProperties) = preSolution
		HideSolutionNode = FALSE
	EndGlobalSection
	GlobalSection(ExtensibilityGlobals) = postSolution
		SolutionGuid = {9364B9DC-C8B2-4448-BBAF-A0F2E7BF61D4}
	EndGlobalSection
EndGlobal
